github.com/codegangsta/negroni v1.0.0 h1:+aYywywx4bnKXWvoWtRfJ91vC59NbEhEY03sZjQhbVY=
github.com/codegangsta/negroni v1.0.0/go.mod h1:v0y3T5G7Y1UlFfyxFn/QLRU4a2EuNau2iZY63YTKWo0=
github.com/goincremental/negroni-oauth2 v0.0.0-20160817190200-5527e0c9ae56 h1:WPFSwsE09I4m0+GGMxw3mMedV9eZszFi5fzrk3Myw5E=
github.com/goincremental/negroni-oauth2 v0.0.0-20160817190200-5527e0c9ae56/go.mod h1:aOlcj/D9TwOO8KcxQxrycxRI4XvgcnFclEEMFG0o46g=
github.com/goincremental/negroni-sessions v0.0.0-20171223143234-40b49004abee h1:aBLa9mJSmSV0I7vZrb+jMakH/B5rR+mRI6Q/DxQ+O7g=
github.com/goincremental/negroni-sessions v0.0.0-20171223143234-40b49004abee/go.mod h1:32Cq/6avji0Xp32YipwaOV3PsvpGfuYKTJP9XJrdXe8=
github.com/gorilla/context v1.1.1 h1:AWwleXJkX/nhcU9bZSnZoi3h/qGYqQAGhq6zZe/aQW8=
github.com/gorilla/context v1.1.1/go.mod h1:kBGZzfjB9CEq2AlWe17Uuf7NDRt0dE0s8S51q0aT7Yg=
github.com/gorilla/securecookie v1.1.1 h1:miw7JPhV+b/lAHSXz4qd/nN9jRiAFV5FwjeKyCS8BvQ=
github.com/gorilla/securecookie v1.1.1/go.mod h1:ra0sb63/xPlUeL+yeDciTfxMRAA+MP+HVt/4epWDjd4=
github.com/gorilla/sessions v1.1.3 h1:uXoZdcdA5XdXF3QzuSlheVRUvjl+1rKY7zBXL68L9RU=
github.com/gorilla/sessions v1.1.3/go.mod h1:8KCfur6+4Mqcc6S0FEfKuN15Vl5MgXW92AE8ovaJD0w=
github.com/joho/godotenv v1.3.0 h1:Zjp+RcGpHhGlrMbJzXTrZZPrWj+1vfm90La1wgB6Bhc=
github.com/joho/godotenv v1.3.0/go.mod h1:7hK45KPybAkOC6peb+G5yklZfMxEjkZhHbwpqxOKXbg=
github.com/urfave/negroni v1.0.0 h1:kIimOitoypq34K7TG7DUaJ9kq/N4Ofuwi1sjz0KipXc=
github.com/urfave/negroni v1.0.0/go.mod h1:Meg73S6kFm/4PpbYdq35yYWoCZ9mS/YSx+lKnmiohz4=
golang.org/x/net v0.0.0-20181114220301-adae6a3d119a h1:gOpx8G595UYyvj8UK4+OFyY4rx037g3fmfhe5SasG3U=
golang.org/x/net v0.0.0-20181114220301-adae6a3d119a/go.mod h1:mL1N/T3taQHkDXs73rZJwtUhF3w3ftmwwsq0BUmARs4=
golang.org/x/oauth2 v0.0.0-20181120190819-8f65e3013eba h1:YDkOrzGLLYybtuP6ZgebnO4OWYEYVMFSniazXsxrFN8=
golang.org/x/oauth2 v0.0.0-20181120190819-8f65e3013eba/go.mod h1:N/0e6XlmueqKjAGxoOufVs8QHGRruUQn6yWY3a++T0U=
